Microsoft Visual Studio Solution File, Format Version 12.00
# Visual Studio 2012
Project("{FAE04EC0-301F-11D3-BF4B-00C04F79EFBC}") = "TorchFlame", "TorchFlame.csproj", "{66748F9C-CE50-44BE-9ECE-3DDF268E60BA}"
EndProject
Global
	GlobalSection(SolutionConfigurationPlatforms) = preSolution
	Debug|Any CPU = Debug|Any CPU
	ExportDebug|Any CPU = ExportDebug|Any CPU
	ExportRelease|Any CPU = ExportRelease|Any CPU
	EndGlobalSection
	GlobalSection(ProjectConfigurationPlatforms) = postSolution
		{66748F9C-CE50-44BE-9ECE-3DDF268E60BA}.Debug|Any CPU.ActiveCfg = Debug|Any CPU
		{66748F9C-CE50-44BE-9ECE-3DDF268E60BA}.Debug|Any CPU.Build.0 = Debug|Any CPU
		{66748F9C-CE50-44BE-9ECE-3DDF268E60BA}.ExportDebug|Any CPU.ActiveCfg = ExportDebug|Any CPU
		{66748F9C-CE50-44BE-9ECE-3DDF268E60BA}.ExportDebug|Any CPU.Build.0 = ExportDebug|Any CPU
		{66748F9C-CE50-44BE-9ECE-3DDF268E60BA}.ExportRelease|Any CPU.ActiveCfg = ExportRelease|Any CPU
		{66748F9C-CE50-44BE-9ECE-3DDF268E60BA}.ExportRelease|Any CPU.Build.0 = ExportRelease|Any CPU
	EndGlobalSection
EndGlobal
